// !$*UTF8*$!
{
	archiveVersion = 1;
	classes = {
	};
	objectVersion = 46;
	objects = {

/* Begin PBXBuildFile section */
		0D2356541A42E9E100EC6939 /* SourceSansPro-Semibold.otf in Resources */ = {isa = PBXBuildFile; fileRef = 0D2356531A42E9E100EC6939 /* SourceSansPro-Semibold.otf */; };
		0D2356571A42EBA200EC6939 /* SourceSansPro-Regular.otf in Resources */ = {isa = PBXBuildFile; fileRef = 0D2356561A42EBA200EC6939 /* SourceSansPro-Regular.otf */; };
		0D2356591A42EF9F00EC6939 /* SourceSansPro-Light.otf in Resources */ = {isa = PBXBuildFile; fileRef = 0D2356581A42EF9F00EC6939 /* SourceSansPro-Light.otf */; };
		0D494E701A40764B006A3030 /* CFNetwork.framework in Frameworks */ = {isa = PBXBuildFile; fileRef = 0D494E6E1A40764B006A3030 /* CFNetwork.framework */; };
		0D494E711A40764B006A3030 /* CoreData.framework in Frameworks */ = {isa = PBXBuildFile; fileRef = 0D494E6F1A40764B006A3030 /* CoreData.framework */; };
		0DA866CD1A41E91900687AF2 /* InviteFriendsTableViewController.m in Sources */ = {isa = PBXBuildFile; fileRef = 0DA866CC1A41E91900687AF2 /* InviteFriendsTableViewController.m */; };
		0DA866D11A42308600687AF2 /* SplashScreen640960.png in Resources */ = {isa = PBXBuildFile; fileRef = 0DA866D01A42308600687AF2 /* SplashScreen640960.png */; };
		0DA866D31A42330C00687AF2 /* splashscreen.png in Resources */ = {isa = PBXBuildFile; fileRef = 0DA866D21A42330C00687AF2 /* splashscreen.png */; };
		0DA866D51A4235EC00687AF2 /* bgNavigationBar.png in Resources */ = {isa = PBXBuildFile; fileRef = 0DA866D41A4235EC00687AF2 /* bgNavigationBar.png */; };
		24F311E678E67962ECF667FC /* libPods.a in Frameworks */ = {isa = PBXBuildFile; fileRef = B6FBC3082E825F9C7C6E5BEE /* libPods.a */; };
		653E92D01A402FF100D54665 /* AddEventViewController.m in Sources */ = {isa = PBXBuildFile; fileRef = 653E92CF1A402FF100D54665 /* AddEventViewController.m */; };
		658572901A3F316C00B3A6B8 /* main.m in Sources */ = {isa = PBXBuildFile; fileRef = 6585728F1A3F316C00B3A6B8 /* main.m */; };
		658572931A3F316C00B3A6B8 /* AppDelegate.m in Sources */ = {isa = PBXBuildFile; fileRef = 658572921A3F316C00B3A6B8 /* AppDelegate.m */; };
		658572961A3F316C00B3A6B8 /* ViewController.m in Sources */ = {isa = PBXBuildFile; fileRef = 658572951A3F316C00B3A6B8 /* ViewController.m */; };
		658572991A3F316C00B3A6B8 /* Main.storyboard in Resources */ = {isa = PBXBuildFile; fileRef = 658572971A3F316C00B3A6B8 /* Main.storyboard */; };
		6585729B1A3F316C00B3A6B8 /* Images.xcassets in Resources */ = {isa = PBXBuildFile; fileRef = 6585729A1A3F316C00B3A6B8 /* Images.xcassets */; };
		6585729E1A3F316C00B3A6B8 /* LaunchScreen.xib in Resources */ = {isa = PBXBuildFile; fileRef = 6585729C1A3F316C00B3A6B8 /* LaunchScreen.xib */; };
		658572AA1A3F316C00B3A6B8 /* chopachoTests.m in Sources */ = {isa = PBXBuildFile; fileRef = 658572A91A3F316C00B3A6B8 /* chopachoTests.m */; };
		6587E7811A3F5D800084EDC1 /* FacebookSDK.framework in Frameworks */ = {isa = PBXBuildFile; fileRef = 6587E7801A3F5D800084EDC1 /* FacebookSDK.framework */; };
		6587E7841A3F8AA20084EDC1 /* Homepage.m in Sources */ = {isa = PBXBuildFile; fileRef = 6587E7831A3F8AA20084EDC1 /* Homepage.m */; };
/* End PBXBuildFile section */

/* Begin PBXContainerItemProxy section */
		658572A41A3F316C00B3A6B8 /* PBXContainerItemProxy */ = {
			isa = PBXContainerItemProxy;
			containerPortal = 658572821A3F316C00B3A6B8 /* Project object */;
			proxyType = 1;
			remoteGlobalIDString = 658572891A3F316C00B3A6B8;
			remoteInfo = chopacho;
		};
/* End PBXContainerItemProxy section */

/* Begin PBXFileReference section */
		0D2356531A42E9E100EC6939 /* SourceSansPro-Semibold.otf */ = {isa = PBXFileReference; lastKnownFileType = file; name = "SourceSansPro-Semibold.otf"; path = "/Library/Fonts/SourceSansPro-Semibold.otf"; sourceTree = "<absolute>"; };
		0D2356561A42EBA200EC6939 /* SourceSansPro-Regular.otf */ = {isa = PBXFileReference; lastKnownFileType = file; name = "SourceSansPro-Regular.otf"; path = "../../../../../Library/Fonts/SourceSansPro-Regular.otf"; sourceTree = "<group>"; };
		0D2356581A42EF9F00EC6939 /* SourceSansPro-Light.otf */ = {isa = PBXFileReference; lastKnownFileType = file; name = "SourceSansPro-Light.otf"; path = "../../../../../Library/Fonts/SourceSansPro-Light.otf"; sourceTree = "<group>"; };
		0D494E6E1A40764B006A3030 /* CFNetwork.framework */ = {isa = PBXFileReference; lastKnownFileType = wrapper.framework; name = CFNetwork.framework; path = System/Library/Frameworks/CFNetwork.framework; sourceTree = SDKROOT; };
		0D494E6F1A40764B006A3030 /* CoreData.framework */ = {isa = PBXFileReference; lastKnownFileType = wrapper.framework; name = CoreData.framework; path = System/Library/Frameworks/CoreData.framework; sourceTree = SDKROOT; };
		0DA866CB1A41E91900687AF2 /* InviteFriendsTableViewController.h */ = {isa = PBXFileReference; fileEncoding = 4; lastKnownFileType = sourcecode.c.h; name = InviteFriendsTableViewController.h; path = ../InviteFriendsTableViewController.h; sourceTree = "<group>"; };
		0DA866CC1A41E91900687AF2 /* InviteFriendsTableViewController.m */ = {isa = PBXFileReference; fileEncoding = 4; lastKnownFileType = sourcecode.c.objc; name = InviteFriendsTableViewController.m; path = ../InviteFriendsTableViewController.m; sourceTree = "<group>"; };
		0DA866D01A42308600687AF2 /* SplashScreen640960.png */ = {isa = PBXFileReference; lastKnownFileType = image.png; path = SplashScreen640960.png; sourceTree = "<group>"; };
		0DA866D21A42330C00687AF2 /* splashscreen.png */ = {isa = PBXFileReference; lastKnownFileType = image.png; name = splashscreen.png; path = chopacho/Images.xcassets/LaunchImage.launchimage/splashscreen.png; sourceTree = "<group>"; };
		0DA866D41A4235EC00687AF2 /* bgNavigationBar.png */ = {isa = PBXFileReference; lastKnownFileType = image.png; name = bgNavigationBar.png; path = images/bgNavigationBar.png; sourceTree = "<group>"; };
		653E92CE1A402FF100D54665 /* AddEventViewController.h */ = {isa = PBXFileReference; fileEncoding = 4; lastKnownFileType = sourcecode.c.h; path = AddEventViewController.h; sourceTree = "<group>"; };
		653E92CF1A402FF100D54665 /* AddEventViewController.m */ = {isa = PBXFileReference; fileEncoding = 4; lastKnownFileType = sourcecode.c.objc; path = AddEventViewController.m; sourceTree = "<group>"; };
		6585728A1A3F316C00B3A6B8 /* chopacho.app */ = {isa = PBXFileReference; explicitFileType = wrapper.application; includeInIndex = 0; path = chopacho.app; sourceTree = BUILT_PRODUCTS_DIR; };
		6585728E1A3F316C00B3A6B8 /* Info.plist */ = {isa = PBXFileReference; lastKnownFileType = text.plist.xml; path = Info.plist; sourceTree = "<group>"; };
		6585728F1A3F316C00B3A6B8 /* main.m */ = {isa = PBXFileReference; lastKnownFileType = sourcecode.c.objc; path = main.m; sourceTree = "<group>"; };
		658572911A3F316C00B3A6B8 /* AppDelegate.h */ = {isa = PBXFileReference; lastKnownFileType = sourcecode.c.h; path = AppDelegate.h; sourceTree = "<group>"; };
		658572921A3F316C00B3A6B8 /* AppDelegate.m */ = {isa = PBXFileReference; lastKnownFileType = sourcecode.c.objc; path = AppDelegate.m; sourceTree = "<group>"; };
		658572941A3F316C00B3A6B8 /* ViewController.h */ = {isa = PBXFileReference; lastKnownFileType = sourcecode.c.h; path = ViewController.h; sourceTree = "<group>"; };
		658572951A3F316C00B3A6B8 /* ViewController.m */ = {isa = PBXFileReference; lastKnownFileType = sourcecode.c.objc; path = ViewController.m; sourceTree = "<group>"; };
		658572981A3F316C00B3A6B8 /* Base */ = {isa = PBXFileReference; lastKnownFileType = file.storyboard; name = Base; path = Base.lproj/Main.storyboard; sourceTree = "<group>"; };
		6585729A1A3F316C00B3A6B8 /* Images.xcassets */ = {isa = PBXFileReference; lastKnownFileType = folder.assetcatalog; path = Images.xcassets; sourceTree = "<group>"; };
		6585729D1A3F316C00B3A6B8 /* Base */ = {isa = PBXFileReference; lastKnownFileType = file.xib; name = Base; path = Base.lproj/LaunchScreen.xib; sourceTree = "<group>"; };
		658572A31A3F316C00B3A6B8 /* chopachoTests.xctest */ = {isa = PBXFileReference; explicitFileType = wrapper.cfbundle; includeInIndex = 0; path = chopachoTests.xctest; sourceTree = BUILT_PRODUCTS_DIR; };
		658572A81A3F316C00B3A6B8 /* Info.plist */ = {isa = PBXFileReference; lastKnownFileType = text.plist.xml; path = Info.plist; sourceTree = "<group>"; };
		658572A91A3F316C00B3A6B8 /* chopachoTests.m */ = {isa = PBXFileReference; lastKnownFileType = sourcecode.c.objc; path = chopachoTests.m; sourceTree = "<group>"; };
		6587E7801A3F5D800084EDC1 /* FacebookSDK.framework */ = {isa = PBXFileReference; lastKnownFileType = wrapper.framework; path = FacebookSDK.framework; sourceTree = "<group>"; };
		6587E7821A3F8AA20084EDC1 /* Homepage.h */ = {isa = PBXFileReference; fileEncoding = 4; lastKnownFileType = sourcecode.c.h; path = Homepage.h; sourceTree = "<group>"; };
		6587E7831A3F8AA20084EDC1 /* Homepage.m */ = {isa = PBXFileReference; fileEncoding = 4; lastKnownFileType = sourcecode.c.objc; path = Homepage.m; sourceTree = "<group>"; };
		6D8B5D778F2097EB70A992E0 /* Pods.release.xcconfig */ = {isa = PBXFileReference; includeInIndex = 1; lastKnownFileType = text.xcconfig; name = Pods.release.xcconfig; path = "Pods/Target Support Files/Pods/Pods.release.xcconfig"; sourceTree = "<group>"; };
		7D0ADD0AF9E09247CC8EE364 /* Pods.debug.xcconfig */ = {isa = PBXFileReference; includeInIndex = 1; lastKnownFileType = text.xcconfig; name = Pods.debug.xcconfig; path = "Pods/Target Support Files/Pods/Pods.debug.xcconfig"; sourceTree = "<group>"; };
		B6FBC3082E825F9C7C6E5BEE /* libPods.a */ = {isa = PBXFileReference; explicitFileType = archive.ar; includeInIndex = 0; path = libPods.a; sourceTree = BUILT_PRODUCTS_DIR; };
/* End PBXFileReference section */

/* Begin PBXFrameworksBuildPhase section */
		658572871A3F316C00B3A6B8 /* Frameworks */ = {
			isa = PBXFrameworksBuildPhase;
			buildActionMask = 2147483647;
			files = (
				0D494E701A40764B006A3030 /* CFNetwork.framework in Frameworks */,
				0D494E711A40764B006A3030 /* CoreData.framework in Frameworks */,
				6587E7811A3F5D800084EDC1 /* FacebookSDK.framework in Frameworks */,
				24F311E678E67962ECF667FC /* libPods.a in Frameworks */,
			);
			runOnlyForDeploymentPostprocessing = 0;
		};
		658572A01A3F316C00B3A6B8 /* Frameworks */ = {
			isa = PBXFrameworksBuildPhase;
			buildActionMask = 2147483647;
			files = (
			);
			runOnlyForDeploymentPostprocessing = 0;
		};
/* End PBXFrameworksBuildPhase section */

/* Begin PBXGroup section */
		0D2356551A42E9FC00EC6939 /* fonts */ = {
			isa = PBXGroup;
			children = (
				0D2356561A42EBA200EC6939 /* SourceSansPro-Regular.otf */,
				0D2356531A42E9E100EC6939 /* SourceSansPro-Semibold.otf */,
				0D2356581A42EF9F00EC6939 /* SourceSansPro-Light.otf */,
			);
			name = fonts;
			sourceTree = "<group>";
		};
		0DA866CE1A42307500687AF2 /* assets */ = {
			isa = PBXGroup;
			children = (
				0DA866D41A4235EC00687AF2 /* bgNavigationBar.png */,
				0DA866CF1A42307B00687AF2 /* splashscreen */,
			);
			name = assets;
			sourceTree = "<group>";
		};
		0DA866CF1A42307B00687AF2 /* splashscreen */ = {
			isa = PBXGroup;
			children = (
				0DA866D01A42308600687AF2 /* SplashScreen640960.png */,
				0DA866D21A42330C00687AF2 /* splashscreen.png */,
			);
			name = splashscreen;
			sourceTree = "<group>";
		};
		658572811A3F316C00B3A6B8 = {
			isa = PBXGroup;
			children = (
				0D2356551A42E9FC00EC6939 /* fonts */,
				0DA866CE1A42307500687AF2 /* assets */,
				6585728C1A3F316C00B3A6B8 /* chopacho */,
				658572A61A3F316C00B3A6B8 /* chopachoTests */,
				6585728B1A3F316C00B3A6B8 /* Products */,
				0D494E6E1A40764B006A3030 /* CFNetwork.framework */,
				0D494E6F1A40764B006A3030 /* CoreData.framework */,
				6587E7801A3F5D800084EDC1 /* FacebookSDK.framework */,
				EC7E803B683FE53F5F1A2A48 /* Frameworks */,
				FDA366D8DF47357BFDF58BE0 /* Pods */,
			);
			sourceTree = "<group>";
		};
		6585728B1A3F316C00B3A6B8 /* Products */ = {
			isa = PBXGroup;
			children = (
				6585728A1A3F316C00B3A6B8 /* chopacho.app */,
				658572A31A3F316C00B3A6B8 /* chopachoTests.xctest */,
			);
			name = Products;
			sourceTree = "<group>";
		};
		6585728C1A3F316C00B3A6B8 /* chopacho */ = {
			isa = PBXGroup;
			children = (
				658572911A3F316C00B3A6B8 /* AppDelegate.h */,
				658572921A3F316C00B3A6B8 /* AppDelegate.m */,
				6587E7821A3F8AA20084EDC1 /* Homepage.h */,
				6587E7831A3F8AA20084EDC1 /* Homepage.m */,
				0DA866CB1A41E91900687AF2 /* InviteFriendsTableViewController.h */,
				0DA866CC1A41E91900687AF2 /* InviteFriendsTableViewController.m */,
				658572941A3F316C00B3A6B8 /* ViewController.h */,
				658572951A3F316C00B3A6B8 /* ViewController.m */,
				658572971A3F316C00B3A6B8 /* Main.storyboard */,
				653E92CE1A402FF100D54665 /* AddEventViewController.h */,
				653E92CF1A402FF100D54665 /* AddEventViewController.m */,
				6585729A1A3F316C00B3A6B8 /* Images.xcassets */,
				6585729C1A3F316C00B3A6B8 /* LaunchScreen.xib */,
				6585728D1A3F316C00B3A6B8 /* Supporting Files */,
			);
			path = chopacho;
			sourceTree = "<group>";
		};
		6585728D1A3F316C00B3A6B8 /* Supporting Files */ = {
			isa = PBXGroup;
			children = (
				6585728E1A3F316C00B3A6B8 /* Info.plist */,
				6585728F1A3F316C00B3A6B8 /* main.m */,
			);
			name = "Supporting Files";
			sourceTree = "<group>";
		};
		658572A61A3F316C00B3A6B8 /* chopachoTests */ = {
			isa = PBXGroup;
			children = (
				658572A91A3F316C00B3A6B8 /* chopachoTests.m */,
				658572A71A3F316C00B3A6B8 /* Supporting Files */,
			);
			path = chopachoTests;
			sourceTree = "<group>";
		};
		658572A71A3F316C00B3A6B8 /* Supporting Files */ = {
			isa = PBXGroup;
			children = (
				658572A81A3F316C00B3A6B8 /* Info.plist */,
			);
			name = "Supporting Files";
			sourceTree = "<group>";
		};
		EC7E803B683FE53F5F1A2A48 /* Frameworks */ = {
			isa = PBXGroup;
			children = (
				B6FBC3082E825F9C7C6E5BEE /* libPods.a */,
			);
			name = Frameworks;
			sourceTree = "<group>";
		};
		FDA366D8DF47357BFDF58BE0 /* Pods */ = {
			isa = PBXGroup;
			children = (
				7D0ADD0AF9E09247CC8EE364 /* Pods.debug.xcconfig */,
				6D8B5D778F2097EB70A992E0 /* Pods.release.xcconfig */,
			);
			name = Pods;
			sourceTree = "<group>";
		};
/* End PBXGroup section */

/* Begin PBXNativeTarget section */
		658572891A3F316C00B3A6B8 /* chopacho */ = {
			isa = PBXNativeTarget;
			buildConfigurationList = 658572AD1A3F316C00B3A6B8 /* Build configuration list for PBXNativeTarget "chopacho" */;
			buildPhases = (
				F29130E806190E5182200ACF /* Check Pods Manifest.lock */,
				658572861A3F316C00B3A6B8 /* Sources */,
				658572871A3F316C00B3A6B8 /* Frameworks */,
				658572881A3F316C00B3A6B8 /* Resources */,
				24617A65F60907DFC8126C99 /* Copy Pods Resources */,
			);
			buildRules = (
			);
			dependencies = (
			);
			name = chopacho;
			productName = chopacho;
			productReference = 6585728A1A3F316C00B3A6B8 /* chopacho.app */;
			productType = "com.apple.product-type.application";
		};
		658572A21A3F316C00B3A6B8 /* chopachoTests */ = {
			isa = PBXNativeTarget;
			buildConfigurationList = 658572B01A3F316C00B3A6B8 /* Build configuration list for PBXNativeTarget "chopachoTests" */;
			buildPhases = (
				6585729F1A3F316C00B3A6B8 /* Sources */,
				658572A01A3F316C00B3A6B8 /* Frameworks */,
				658572A11A3F316C00B3A6B8 /* Resources */,
			);
			buildRules = (
			);
			dependencies = (
				658572A51A3F316C00B3A6B8 /* PBXTargetDependency */,
			);
			name = chopachoTests;
			productName = chopachoTests;
			productReference = 658572A31A3F316C00B3A6B8 /* chopachoTests.xctest */;
			productType = "com.apple.product-type.bundle.unit-test";
		};
/* End PBXNativeTarget section */

/* Begin PBXProject section */
		658572821A3F316C00B3A6B8 /* Project object */ = {
			isa = PBXProject;
			attributes = {
				LastUpgradeCheck = 0610;
				ORGANIZATIONNAME = hetic;
				TargetAttributes = {
					658572891A3F316C00B3A6B8 = {
						CreatedOnToolsVersion = 6.1.1;
					};
					658572A21A3F316C00B3A6B8 = {
						CreatedOnToolsVersion = 6.1.1;
						TestTargetID = 658572891A3F316C00B3A6B8;
					};
				};
			};
			buildConfigurationList = 658572851A3F316C00B3A6B8 /* Build configuration list for PBXProject "chopacho" */;
			compatibilityVersion = "Xcode 3.2";
			developmentRegion = English;
			hasScannedForEncodings = 0;
			knownRegions = (
				en,
				Base,
			);
			mainGroup = 658572811A3F316C00B3A6B8;
			productRefGroup = 6585728B1A3F316C00B3A6B8 /* Products */;
			projectDirPath = "";
			projectRoot = "";
			targets = (
				658572891A3F316C00B3A6B8 /* chopacho */,
				658572A21A3F316C00B3A6B8 /* chopachoTests */,
			);
		};
/* End PBXProject section */

/* Begin PBXResourcesBuildPhase section */
		658572881A3F316C00B3A6B8 /* Resources */ = {
			isa = PBXResourcesBuildPhase;
			buildActionMask = 2147483647;
			files = (
				0D2356591A42EF9F00EC6939 /* SourceSansPro-Light.otf in Resources */,
				0D2356541A42E9E100EC6939 /* SourceSansPro-Semibold.otf in Resources */,
				658572991A3F316C00B3A6B8 /* Main.storyboard in Resources */,
				0DA866D31A42330C00687AF2 /* splashscreen.png in Resources */,
				0DA866D11A42308600687AF2 /* SplashScreen640960.png in Resources */,
				6585729E1A3F316C00B3A6B8 /* LaunchScreen.xib in Resources */,
				0DA866D51A4235EC00687AF2 /* bgNavigationBar.png in Resources */,
				0D2356571A42EBA200EC6939 /* SourceSansPro-Regular.otf in Resources */,
				6585729B1A3F316C00B3A6B8 /* Images.xcassets in Resources */,
			);
			runOnlyForDeploymentPostprocessing = 0;
		};
		658572A11A3F316C00B3A6B8 /* Resources */ = {
			isa = PBXResourcesBuildPhase;
			buildActionMask = 2147483647;
			files = (
			);
			runOnlyForDeploymentPostprocessing = 0;
		};
/* End PBXResourcesBuildPhase section */

/* Begin PBXShellScriptBuildPhase section */
		24617A65F60907DFC8126C99 /* Copy Pods Resources */ = {
			isa = PBXShellScriptBuildPhase;
			buildActionMask = 2147483647;
			files = (
			);
			inputPaths = (
			);
			name = "Copy Pods Resources";
			outputPaths = (
			);
			runOnlyForDeploymentPostprocessing = 0;
			shellPath = /bin/sh;
			shellScript = "\"${SRCROOT}/Pods/Target Support Files/Pods/Pods-resources.sh\"\n";
			showEnvVarsInLog = 0;
		};
		F29130E806190E5182200ACF /* Check Pods Manifest.lock */ = {
			isa = PBXShellScriptBuildPhase;
			buildActionMask = 2147483647;
			files = (
			);
			inputPaths = (
			);
			name = "Check Pods Manifest.lock";
			outputPaths = (
			);
			runOnlyForDeploymentPostprocessing = 0;
			shellPath = /bin/sh;
			shellScript = "diff \"${PODS_ROOT}/../Podfile.lock\" \"${PODS_ROOT}/Manifest.lock\" > /dev/null\nif [[ $? != 0 ]] ; then\n    cat << EOM\nerror: The sandbox is not in sync with the Podfile.lock. Run 'pod install' or update your CocoaPods installation.\nEOM\n    exit 1\nfi\n";
			showEnvVarsInLog = 0;
		};
/* End PBXShellScriptBuildPhase section */

/* Begin PBXSourcesBuildPhase section */
		658572861A3F316C00B3A6B8 /* Sources */ = {
			isa = PBXSourcesBuildPhase;
			buildActionMask = 2147483647;
			files = (
				658572961A3F316C00B3A6B8 /* ViewController.m in Sources */,
				658572931A3F316C00B3A6B8 /* AppDelegate.m in Sources */,
				653E92D01A402FF100D54665 /* AddEventViewController.m in Sources */,
				658572901A3F316C00B3A6B8 /* main.m in Sources */,
				0DA866CD1A41E91900687AF2 /* InviteFriendsTableViewController.m in Sources */,
				6587E7841A3F8AA20084EDC1 /* Homepage.m in Sources */,
			);
			runOnlyForDeploymentPostprocessing = 0;
		};
		6585729F1A3F316C00B3A6B8 /* Sources */ = {
			isa = PBXSourcesBuildPhase;
			buildActionMask = 2147483647;
			files = (
				658572AA1A3F316C00B3A6B8 /* chopachoTests.m in Sources */,
			);
			runOnlyForDeploymentPostprocessing = 0;
		};
/* End PBXSourcesBuildPhase section */

/* Begin PBXTargetDependency section */
		658572A51A3F316C00B3A6B8 /* PBXTargetDependency */ = {
			isa = PBXTargetDependency;
			target = 658572891A3F316C00B3A6B8 /* chopacho */;
			targetProxy = 658572A41A3F316C00B3A6B8 /* PBXContainerItemProxy */;
		};
/* End PBXTargetDependency section */

/* Begin PBXVariantGroup section */
		658572971A3F316C00B3A6B8 /* Main.storyboard */ = {
			isa = PBXVariantGroup;
			children = (
				658572981A3F316C00B3A6B8 /* Base */,
			);
			name = Main.storyboard;
			sourceTree = "<group>";
		};
		6585729C1A3F316C00B3A6B8 /* LaunchScreen.xib */ = {
			isa = PBXVariantGroup;
			children = (
				6585729D1A3F316C00B3A6B8 /* Base */,
			);
			name = LaunchScreen.xib;
			sourceTree = "<group>";
		};
/* End PBXVariantGroup section */

/* Begin XCBuildConfiguration section */
		658572AB1A3F316C00B3A6B8 /* Debug */ = {
			isa = XCBuildConfiguration;
			buildSettings = {
				ALWAYS_SEARCH_USER_PATHS = NO;
				CLANG_CXX_LANGUAGE_STANDARD = "gnu++0x";
				CLANG_CXX_LIBRARY = "libc++";
				CLANG_ENABLE_MODULES = YES;
				CLANG_ENABLE_OBJC_ARC = YES;
				CLANG_WARN_BOOL_CONVERSION = YES;
				CLANG_WARN_CONSTANT_CONVERSION = YES;
				CLANG_WARN_DIRECT_OBJC_ISA_USAGE = YES_ERROR;
				CLANG_WARN_EMPTY_BODY = YES;
				CLANG_WARN_ENUM_CONVERSION = YES;
				CLANG_WARN_INT_CONVERSION = YES;
				CLANG_WARN_OBJC_ROOT_CLASS = YES_ERROR;
				CLANG_WARN_UNREACHABLE_CODE = YES;
				CLANG_WARN__DUPLICATE_METHOD_MATCH = YES;
				"CODE_SIGN_IDENTITY[sdk=iphoneos*]" = "iPhone Developer";
				COPY_PHASE_STRIP = NO;
				ENABLE_STRICT_OBJC_MSGSEND = YES;
				GCC_C_LANGUAGE_STANDARD = gnu99;
				GCC_DYNAMIC_NO_PIC = NO;
				GCC_OPTIMIZATION_LEVEL = 0;
				GCC_PREPROCESSOR_DEFINITIONS = (
					"DEBUG=1",
					"$(inherited)",
				);
				GCC_SYMBOLS_PRIVATE_EXTERN = NO;
				GCC_WARN_64_TO_32_BIT_CONVERSION = YES;
				GCC_WARN_ABOUT_RETURN_TYPE = YES_ERROR;
				GCC_WARN_UNDECLARED_SELECTOR = YES;
				GCC_WARN_UNINITIALIZED_AUTOS = YES_AGGRESSIVE;
				GCC_WARN_UNUSED_FUNCTION = YES;
				GCC_WARN_UNUSED_VARIABLE = YES;
				IPHONEOS_DEPLOYMENT_TARGET = 8.1;
				MTL_ENABLE_DEBUG_INFO = YES;
				ONLY_ACTIVE_ARCH = YES;
				SDKROOT = iphoneos;
			};
			name = Debug;
		};
		658572AC1A3F316C00B3A6B8 /* Release */ = {
			isa = XCBuildConfiguration;
			buildSettings = {
				ALWAYS_SEARCH_USER_PATHS = NO;
				CLANG_CXX_LANGUAGE_STANDARD = "gnu++0x";
				CLANG_CXX_LIBRARY = "libc++";
				CLANG_ENABLE_MODULES = YES;
				CLANG_ENABLE_OBJC_ARC = YES;
				CLANG_WARN_BOOL_CONVERSION = YES;
				CLANG_WARN_CONSTANT_CONVERSION = YES;
				CLANG_WARN_DIRECT_OBJC_ISA_USAGE = YES_ERROR;
				CLANG_WARN_EMPTY_BODY = YES;
				CLANG_WARN_ENUM_CONVERSION = YES;
				CLANG_WARN_INT_CONVERSION = YES;
				CLANG_WARN_OBJC_ROOT_CLASS = YES_ERROR;
				CLANG_WARN_UNREACHABLE_CODE = YES;
				CLANG_WARN__DUPLICATE_METHOD_MATCH = YES;
				"CODE_SIGN_IDENTITY[sdk=iphoneos*]" = "iPhone Developer";
				COPY_PHASE_STRIP = YES;
				ENABLE_NS_ASSERTIONS = NO;
				ENABLE_STRICT_OBJC_MSGSEND = YES;
				GCC_C_LANGUAGE_STANDARD = gnu99;
				GCC_WARN_64_TO_32_BIT_CONVERSION = YES;
				GCC_WARN_ABOUT_RETURN_TYPE = YES_ERROR;
				GCC_WARN_UNDECLARED_SELECTOR = YES;
				GCC_WARN_UNINITIALIZED_AUTOS = YES_AGGRESSIVE;
				GCC_WARN_UNUSED_FUNCTION = YES;
				GCC_WARN_UNUSED_VARIABLE = YES;
				IPHONEOS_DEPLOYMENT_TARGET = 8.1;
				MTL_ENABLE_DEBUG_INFO = NO;
				SDKROOT = iphoneos;
				VALIDATE_PRODUCT = YES;
			};
			name = Release;
		};
		658572AE1A3F316C00B3A6B8 /* Debug */ = {
			isa = XCBuildConfiguration;
			baseConfigurationReference = 7D0ADD0AF9E09247CC8EE364 /* Pods.debug.xcconfig */;
			buildSettings = {
				ASSETCATALOG_COMPILER_APPICON_NAME = AppIcon;
				ASSETCATALOG_COMPILER_LAUNCHIMAGE_NAME = LaunchImage;
				FRAMEWORK_SEARCH_PATHS = (
					"$(inherited)",
					"$(PROJECT_DIR)",
					/Users/aurelie/Desktop,
				);
				INFOPLIST_FILE = chopacho/Info.plist;
				IPHONEOS_DEPLOYMENT_TARGET = 8.0;
				LD_RUNPATH_SEARCH_PATHS = "$(inherited) @executable_path/Frameworks";
				PRODUCT_NAME = "$(TARGET_NAME)";
			};
			name = Debug;
		};
		658572AF1A3F316C00B3A6B8 /* Release */ = {
			isa = XCBuildConfiguration;
			baseConfigurationReference = 6D8B5D778F2097EB70A992E0 /* Pods.release.xcconfig */;
			buildSettings = {
				ASSETCATALOG_COMPILER_APPICON_NAME = AppIcon;
				ASSETCATALOG_COMPILER_LAUNCHIMAGE_NAME = LaunchImage;
				FRAMEWORK_SEARCH_PATHS = (
					"$(inherited)",
					"$(PROJECT_DIR)",
					/Users/aurelie/Desktop,
				);
				INFOPLIST_FILE = chopacho/Info.plist;
				IPHONEOS_DEPLOYMENT_TARGET = 8.0;
				LD_RUNPATH_SEARCH_PATHS = "$(inherited) @executable_path/Frameworks";
				PRODUCT_NAME = "$(TARGET_NAME)";
			};
			name = Release;
		};
		658572B11A3F316C00B3A6B8 /* Debug */ = {
			isa = XCBuildConfiguration;
			buildSettings = {
				BUNDLE_LOADER = "$(TEST_HOST)";
				FRAMEWORK_SEARCH_PATHS = (
					"$(SDKROOT)/Developer/Library/Frameworks",
					"$(inherited)",
				);
				GCC_PREPROCESSOR_DEFINITIONS = (
					"DEBUG=1",
					"$(inherited)",
				);
				INFOPLIST_FILE = chopachoTests/Info.plist;
				LD_RUNPATH_SEARCH_PATHS = "$(inherited) @executable_path/Frameworks @loader_path/Frameworks";
				PRODUCT_NAME = "$(TARGET_NAME)";
				TEST_HOST = "$(BUILT_PRODUCTS_DIR)/chopacho.app/chopacho";
			};
			name = Debug;
		};
		658572B21A3F316C00B3A6B8 /* Release */ = {
			isa = XCBuildConfiguration;
			buildSettings = {
				BUNDLE_LOADER = "$(TEST_HOST)";
				FRAMEWORK_SEARCH_PATHS = (
					"$(SDKROOT)/Developer/Library/Frameworks",
					"$(inherited)",
				);
				INFOPLIST_FILE = chopachoTests/Info.plist;
				LD_RUNPATH_SEARCH_PATHS = "$(inherited) @executable_path/Frameworks @loader_path/Frameworks";
				PRODUCT_NAME = "$(TARGET_NAME)";
				TEST_HOST = "$(BUILT_PRODUCTS_DIR)/chopacho.app/chopacho";
			};
			name = Release;
		};
/* End XCBuildConfiguration section */

/* Begin XCConfigurationList section */
		658572851A3F316C00B3A6B8 /* Build configuration list for PBXProject "chopacho" */ = {
			isa = XCConfigurationList;
			buildConfigurations = (
				658572AB1A3F316C00B3A6B8 /* Debug */,
				658572AC1A3F316C00B3A6B8 /* Release */,
			);
			defaultConfigurationIsVisible = 0;
			defaultConfigurationName = Release;
		};
		658572AD1A3F316C00B3A6B8 /* Build configuration list for PBXNativeTarget "chopacho" */ = {
			isa = XCConfigurationList;
			buildConfigurations = (
				658572AE1A3F316C00B3A6B8 /* Debug */,
				658572AF1A3F316C00B3A6B8 /* Release */,
			);
			defaultConfigurationIsVisible = 0;
			defaultConfigurationName = Release;
		};
		658572B01A3F316C00B3A6B8 /* Build configuration list for PBXNativeTarget "chopachoTests" */ = {
			isa = XCConfigurationList;
			buildConfigurations = (
				658572B11A3F316C00B3A6B8 /* Debug */,
				658572B21A3F316C00B3A6B8 /* Release */,
			);
			defaultConfigurationIsVisible = 0;
			defaultConfigurationName = Release;
		};
/* End XCConfigurationList section */
	};
	rootObject = 658572821A3F316C00B3A6B8 /* Project object */;
}
